{
  "name": "react-native-global-font",
  "version": "1.0.3",
  "lockfileVersion": 2,
  "requires": true,
  "packages": {
    "": {
      "version": "1.0.3",
      "license": "MIT",
      "dependencies": {
        "lodash.wrap": "^4.1.1"
      }
    },
    "node_modules/lodash.wrap": {
      "version": "4.1.1",
      "resolved": "https://registry.npmjs.org/lodash.wrap/-/lodash.wrap-4.1.1.tgz",
      "integrity": "sha1-nDdwlHqCHsaXipNXHhphea/Nf8g="
    }
  },
  "dependencies": {
    "lodash.wrap": {
      "version": "4.1.1",
      "resolved": "https://registry.npmjs.org/lodash.wrap/-/lodash.wrap-4.1.1.tgz",
      "integrity": "sha1-nDdwlHqCHsaXipNXHhphea/Nf8g="
    }
  }
}
